// !$*UTF8*$!
{
	archiveVersion = 1;
	classes = {
	};
	objectVersion = 56;
	objects = {

/* Begin PBXBuildFile section */
		F978AFF729EFD7E000C486F1 /* AppDelegate.swift in Sources */ = {isa = PBXBuildFile; fileRef = F978AFF629EFD7E000C486F1 /* AppDelegate.swift */; };
		F978AFF929EFD7E000C486F1 /* SceneDelegate.swift in Sources */ = {isa = PBXBuildFile; fileRef = F978AFF829EFD7E000C486F1 /* SceneDelegate.swift */; };
		F978AFFB29EFD7E000C486F1 /* ViewController.swift in Sources */ = {isa = PBXBuildFile; fileRef = F978AFFA29EFD7E000C486F1 /* ViewController.swift */; };
		F978AFFE29EFD7E000C486F1 /* Main.storyboard in Resources */ = {isa = PBXBuildFile; fileRef = F978AFFC29EFD7E000C486F1 /* Main.storyboard */; };
		F978B00029EFD7E100C486F1 /* Assets.xcassets in Resources */ = {isa = PBXBuildFile; fileRef = F978AFFF29EFD7E100C486F1 /* Assets.xcassets */; };
		F978B00329EFD7E100C486F1 /* LaunchScreen.storyboard in Resources */ = {isa = PBXBuildFile; fileRef = F978B00129EFD7E100C486F1 /* LaunchScreen.storyboard */; };
		F978B00E29EFD7E100C486F1 /* ExperimentsTests.swift in Sources */ = {isa = PBXBuildFile; fileRef = F978B00D29EFD7E100C486F1 /* ExperimentsTests.swift */; };
		F978B01829EFD7E100C486F1 /* ExperimentsUITests.swift in Sources */ = {isa = PBXBuildFile; fileRef = F978B01729EFD7E100C486F1 /* ExperimentsUITests.swift */; };
		F978B01A29EFD7E100C486F1 /* ExperimentsUITestsLaunchTests.swift in Sources */ = {isa = PBXBuildFile; fileRef = F978B01929EFD7E100C486F1 /* ExperimentsUITestsLaunchTests.swift */; };
/* End PBXBuildFile section */

/* Begin PBXContainerItemProxy section */
		F978B00A29EFD7E100C486F1 /* PBXContainerItemProxy */ = {
			isa = PBXContainerItemProxy;
			containerPortal = F978AFEB29EFD7E000C486F1 /* Project object */;
			proxyType = 1;
			remoteGlobalIDString = F978AFF229EFD7E000C486F1;
			remoteInfo = Experiments;
		};
		F978B01429EFD7E100C486F1 /* PBXContainerItemProxy */ = {
			isa = PBXContainerItemProxy;
			containerPortal = F978AFEB29EFD7E000C486F1 /* Project object */;
			proxyType = 1;
			remoteGlobalIDString = F978AFF229EFD7E000C486F1;
			remoteInfo = Experiments;
		};
/* End PBXContainerItemProxy section */

/* Begin PBXFileReference section */
		F978AFF329EFD7E000C486F1 /* Experiments.app */ = {isa = PBXFileReference; explicitFileType = wrapper.application; includeInIndex = 0; path = Experiments.app; sourceTree = BUILT_PRODUCTS_DIR; };
		F978AFF629EFD7E000C486F1 /* AppDelegate.swift */ = {isa = PBXFileReference; lastKnownFileType = sourcecode.swift; path = AppDelegate.swift; sourceTree = "<group>"; };
		F978AFF829EFD7E000C486F1 /* SceneDelegate.swift */ = {isa = PBXFileReference; lastKnownFileType = sourcecode.swift; path = SceneDelegate.swift; sourceTree = "<group>"; };
		F978AFFA29EFD7E000C486F1 /* ViewController.swift */ = {isa = PBXFileReference; lastKnownFileType = sourcecode.swift; path = ViewController.swift; sourceTree = "<group>"; };
		F978AFFD29EFD7E000C486F1 /* Base */ = {isa = PBXFileReference; lastKnownFileType = file.storyboard; name = Base; path = Base.lproj/Main.storyboard; sourceTree = "<group>"; };
		F978AFFF29EFD7E100C486F1 /* Assets.xcassets */ = {isa = PBXFileReference; lastKnownFileType = folder.assetcatalog; path = Assets.xcassets; sourceTree = "<group>"; };
		F978B00229EFD7E100C486F1 /* Base */ = {isa = PBXFileReference; lastKnownFileType = file.storyboard; name = Base; path = Base.lproj/LaunchScreen.storyboard; sourceTree = "<group>"; };
		F978B00429EFD7E100C486F1 /* Info.plist */ = {isa = PBXFileReference; lastKnownFileType = text.plist.xml; path = Info.plist; sourceTree = "<group>"; };
		F978B00929EFD7E100C486F1 /* ExperimentsTests.xctest */ = {isa = PBXFileReference; explicitFileType = wrapper.cfbundle; includeInIndex = 0; path = ExperimentsTests.xctest; sourceTree = BUILT_PRODUCTS_DIR; };
		F978B00D29EFD7E100C486F1 /* ExperimentsTests.swift */ = {isa = PBXFileReference; lastKnownFileType = sourcecode.swift; path = ExperimentsTests.swift; sourceTree = "<group>"; };
		F978B01329EFD7E100C486F1 /* ExperimentsUITests.xctest */ = {isa = PBXFileReference; explicitFileType = wrapper.cfbundle; includeInIndex = 0; path = ExperimentsUITests.xctest; sourceTree = BUILT_PRODUCTS_DIR; };
		F978B01729EFD7E100C486F1 /* ExperimentsUITests.swift */ = {isa = PBXFileReference; lastKnownFileType = sourcecode.swift; path = ExperimentsUITests.swift; sourceTree = "<group>"; };
		F978B01929EFD7E100C486F1 /* ExperimentsUITestsLaunchTests.swift */ = {isa = PBXFileReference; lastKnownFileType = sourcecode.swift; path = ExperimentsUITestsLaunchTests.swift; sourceTree = "<group>"; };
/* End PBXFileReference section */

/* Begin PBXFrameworksBuildPhase section */
		F978AFF029EFD7E000C486F1 /* Frameworks */ = {
			isa = PBXFrameworksBuildPhase;
			buildActionMask = 2147483647;
			files = (
			);
			runOnlyForDeploymentPostprocessing = 0;
		};
		F978B00629EFD7E100C486F1 /* Frameworks */ = {
			isa = PBXFrameworksBuildPhase;
			buildActionMask = 2147483647;
			files = (
			);
			runOnlyForDeploymentPostprocessing = 0;
		};
		F978B01029EFD7E100C486F1 /* Frameworks */ = {
			isa = PBXFrameworksBuildPhase;
			buildActionMask = 2147483647;
			files = (
			);
			runOnlyForDeploymentPostprocessing = 0;
		};
/* End PBXFrameworksBuildPhase section */

/* Begin PBXGroup section */
		F978AFEA29EFD7E000C486F1 = {
			isa = PBXGroup;
			children = (
				F978AFF529EFD7E000C486F1 /* Experiments */,
				F978B00C29EFD7E100C486F1 /* ExperimentsTests */,
				F978B01629EFD7E100C486F1 /* ExperimentsUITests */,
				F978AFF429EFD7E000C486F1 /* Products */,
			);
			sourceTree = "<group>";
		};
		F978AFF429EFD7E000C486F1 /* Products */ = {
			isa = PBXGroup;
			children = (
				F978AFF329EFD7E000C486F1 /* Experiments.app */,
				F978B00929EFD7E100C486F1 /* ExperimentsTests.xctest */,
				F978B01329EFD7E100C486F1 /* ExperimentsUITests.xctest */,
			);
			name = Products;
			sourceTree = "<group>";
		};
		F978AFF529EFD7E000C486F1 /* Experiments */ = {
			isa = PBXGroup;
			children = (
				F978AFF629EFD7E000C486F1 /* AppDelegate.swift */,
				F978AFF829EFD7E000C486F1 /* SceneDelegate.swift */,
				F978AFFA29EFD7E000C486F1 /* ViewController.swift */,
				F978AFFC29EFD7E000C486F1 /* Main.storyboard */,
				F978AFFF29EFD7E100C486F1 /* Assets.xcassets */,
				F978B00129EFD7E100C486F1 /* LaunchScreen.storyboard */,
				F978B00429EFD7E100C486F1 /* Info.plist */,
			);
			path = Experiments;
			sourceTree = "<group>";
		};
		F978B00C29EFD7E100C486F1 /* ExperimentsTests */ = {
			isa = PBXGroup;
			children = (
				F978B00D29EFD7E100C486F1 /* ExperimentsTests.swift */,
			);
			path = ExperimentsTests;
			sourceTree = "<group>";
		};
		F978B01629EFD7E100C486F1 /* ExperimentsUITests */ = {
			isa = PBXGroup;
			children = (
				F978B01729EFD7E100C486F1 /* ExperimentsUITests.swift */,
				F978B01929EFD7E100C486F1 /* ExperimentsUITestsLaunchTests.swift */,
			);
			path = ExperimentsUITests;
			sourceTree = "<group>";
		};
/* End PBXGroup section */

/* Begin PBXNativeTarget section */
		F978AFF229EFD7E000C486F1 /* Experiments */ = {
			isa = PBXNativeTarget;
			buildConfigurationList = F978B01D29EFD7E100C486F1 /* Build configuration list for PBXNativeTarget "Experiments" */;
			buildPhases = (
				F978AFEF29EFD7E000C486F1 /* Sources */,
				F978AFF029EFD7E000C486F1 /* Frameworks */,
				F978AFF129EFD7E000C486F1 /* Resources */,
			);
			buildRules = (
			);
			dependencies = (
			);
			name = Experiments;
			productName = Experiments;
			productReference = F978AFF329EFD7E000C486F1 /* Experiments.app */;
			productType = "com.apple.product-type.application";
		};
		F978B00829EFD7E100C486F1 /* ExperimentsTests */ = {
			isa = PBXNativeTarget;
			buildConfigurationList = F978B02029EFD7E100C486F1 /* Build configuration list for PBXNativeTarget "ExperimentsTests" */;
			buildPhases = (
				F978B00529EFD7E100C486F1 /* Sources */,
				F978B00629EFD7E100C486F1 /* Frameworks */,
				F978B00729EFD7E100C486F1 /* Resources */,
			);
			buildRules = (
			);
			dependencies = (
				F978B00B29EFD7E100C486F1 /* PBXTargetDependency */,
			);
			name = ExperimentsTests;
			productName = ExperimentsTests;
			productReference = F978B00929EFD7E100C486F1 /* ExperimentsTests.xctest */;
			productType = "com.apple.product-type.bundle.unit-test";
		};
		F978B01229EFD7E100C486F1 /* ExperimentsUITests */ = {
			isa = PBXNativeTarget;
			buildConfigurationList = F978B02329EFD7E100C486F1 /* Build configuration list for PBXNativeTarget "ExperimentsUITests" */;
			buildPhases = (
				F978B00F29EFD7E100C486F1 /* Sources */,
				F978B01029EFD7E100C486F1 /* Frameworks */,
				F978B01129EFD7E100C486F1 /* Resources */,
			);
			buildRules = (
			);
			dependencies = (
				F978B01529EFD7E100C486F1 /* PBXTargetDependency */,
			);
			name = ExperimentsUITests;
			productName = ExperimentsUITests;
			productReference = F978B01329EFD7E100C486F1 /* ExperimentsUITests.xctest */;
			productType = "com.apple.product-type.bundle.ui-testing";
		};
/* End PBXNativeTarget section */

/* Begin PBXProject section */
		F978AFEB29EFD7E000C486F1 /* Project object */ = {
			isa = PBXProject;
			attributes = {
				BuildIndependentTargetsInParallel = 1;
				LastSwiftUpdateCheck = 1430;
				LastUpgradeCheck = 1430;
				TargetAttributes = {
					F978AFF229EFD7E000C486F1 = {
						CreatedOnToolsVersion = 14.3;
					};
					F978B00829EFD7E100C486F1 = {
						CreatedOnToolsVersion = 14.3;
						TestTargetID = F978AFF229EFD7E000C486F1;
					};
					F978B01229EFD7E100C486F1 = {
						CreatedOnToolsVersion = 14.3;
						TestTargetID = F978AFF229EFD7E000C486F1;
					};
				};
			};
			buildConfigurationList = F978AFEE29EFD7E000C486F1 /* Build configuration list for PBXProject "Experiments" */;
			compatibilityVersion = "Xcode 14.0";
			developmentRegion = en;
			hasScannedForEncodings = 0;
			knownRegions = (
				en,
				Base,
			);
			mainGroup = F978AFEA29EFD7E000C486F1;
			productRefGroup = F978AFF429EFD7E000C486F1 /* Products */;
			projectDirPath = "";
			projectRoot = "";
			targets = (
				F978AFF229EFD7E000C486F1 /* Experiments */,
				F978B00829EFD7E100C486F1 /* ExperimentsTests */,
				F978B01229EFD7E100C486F1 /* ExperimentsUITests */,
			);
		};
/* End PBXProject section */

/* Begin PBXResourcesBuildPhase section */
		F978AFF129EFD7E000C486F1 /* Resources */ = {
			isa = PBXResourcesBuildPhase;
			buildActionMask = 2147483647;
			files = (
				F978B00329EFD7E100C486F1 /* LaunchScreen.storyboard in Resources */,
				F978B00029EFD7E100C486F1 /* Assets.xcassets in Resources */,
				F978AFFE29EFD7E000C486F1 /* Main.storyboard in Resources */,
			);
			runOnlyForDeploymentPostprocessing = 0;
		};
		F978B00729EFD7E100C486F1 /* Resources */ = {
			isa = PBXResourcesBuildPhase;
			buildActionMask = 2147483647;
			files = (
			);
			runOnlyForDeploymentPostprocessing = 0;
		};
		F978B01129EFD7E100C486F1 /* Resources */ = {
			isa = PBXResourcesBuildPhase;
			buildActionMask = 2147483647;
			files = (
			);
			runOnlyForDeploymentPostprocessing = 0;
		};
/* End PBXResourcesBuildPhase section */

/* Begin PBXSourcesBuildPhase section */
		F978AFEF29EFD7E000C486F1 /* Sources */ = {
			isa = PBXSourcesBuildPhase;
			buildActionMask = 2147483647;
			files = (
				F978AFFB29EFD7E000C486F1 /* ViewController.swift in Sources */,
				F978AFF729EFD7E000C486F1 /* AppDelegate.swift in Sources */,
				F978AFF929EFD7E000C486F1 /* SceneDelegate.swift in Sources */,
			);
			runOnlyForDeploymentPostprocessing = 0;
		};
		F978B00529EFD7E100C486F1 /* Sources */ = {
			isa = PBXSourcesBuildPhase;
			buildActionMask = 2147483647;
			files = (
				F978B00E29EFD7E100C486F1 /* ExperimentsTests.swift in Sources */,
			);
			runOnlyForDeploymentPostprocessing = 0;
		};
		F978B00F29EFD7E100C486F1 /* Sources */ = {
			isa = PBXSourcesBuildPhase;
			buildActionMask = 2147483647;
			files = (
				F978B01829EFD7E100C486F1 /* ExperimentsUITests.swift in Sources */,
				F978B01A29EFD7E100C486F1 /* ExperimentsUITestsLaunchTests.swift in Sources */,
			);
			runOnlyForDeploymentPostprocessing = 0;
		};
/* End PBXSourcesBuildPhase section */

/* Begin PBXTargetDependency section */
		F978B00B29EFD7E100C486F1 /* PBXTargetDependency */ = {
			isa = PBXTargetDependency;
			target = F978AFF229EFD7E000C486F1 /* Experiments */;
			targetProxy = F978B00A29EFD7E100C486F1 /* PBXContainerItemProxy */;
		};
		F978B01529EFD7E100C486F1 /* PBXTargetDependency */ = {
			isa = PBXTargetDependency;
			target = F978AFF229EFD7E000C486F1 /* Experiments */;
			targetProxy = F978B01429EFD7E100C486F1 /* PBXContainerItemProxy */;
		};
/* End PBXTargetDependency section */

/* Begin PBXVariantGroup section */
		F978AFFC29EFD7E000C486F1 /* Main.storyboard */ = {
			isa = PBXVariantGroup;
			children = (
				F978AFFD29EFD7E000C486F1 /* Base */,
			);
			name = Main.storyboard;
			sourceTree = "<group>";
		};
		F978B00129EFD7E100C486F1 /* LaunchScreen.storyboard */ = {
			isa = PBXVariantGroup;
			children = (
				F978B00229EFD7E100C486F1 /* Base */,
			);
			name = LaunchScreen.storyboard;
			sourceTree = "<group>";
		};
/* End PBXVariantGroup section */

/* Begin XCBuildConfiguration section */
		F978B01B29EFD7E100C486F1 /* Debug */ = {
			isa = XCBuildConfiguration;
			buildSettings = {
				ALWAYS_SEARCH_USER_PATHS = NO;
				CLANG_ANALYZER_NONNULL = YES;
				CLANG_ANALYZER_NUMBER_OBJECT_CONVERSION = YES_AGGRESSIVE;
				CLANG_CXX_LANGUAGE_STANDARD = "gnu++20";
				CLANG_ENABLE_MODULES = YES;
				CLANG_ENABLE_OBJC_ARC = YES;
				CLANG_ENABLE_OBJC_WEAK = YES;
				CLANG_WARN_BLOCK_CAPTURE_AUTORELEASING = YES;
				CLANG_WARN_BOOL_CONVERSION = YES;
				CLANG_WARN_COMMA = YES;
				CLANG_WARN_CONSTANT_CONVERSION = YES;
				CLANG_WARN_DEPRECATED_OBJC_IMPLEMENTATIONS = YES;
				CLANG_WARN_DIRECT_OBJC_ISA_USAGE = YES_ERROR;
				CLANG_WARN_DOCUMENTATION_COMMENTS = YES;
				CLANG_WARN_EMPTY_BODY = YES;
				CLANG_WARN_ENUM_CONVERSION = YES;
				CLANG_WARN_INFINITE_RECURSION = YES;
				CLANG_WARN_INT_CONVERSION = YES;
				CLANG_WARN_NON_LITERAL_NULL_CONVERSION = YES;
				CLANG_WARN_OBJC_IMPLICIT_RETAIN_SELF = YES;
				CLANG_WARN_OBJC_LITERAL_CONVERSION = YES;
				CLANG_WARN_OBJC_ROOT_CLASS = YES_ERROR;
				CLANG_WARN_QUOTED_INCLUDE_IN_FRAMEWORK_HEADER = YES;
				CLANG_WARN_RANGE_LOOP_ANALYSIS = YES;
				CLANG_WARN_STRICT_PROTOTYPES = YES;
				CLANG_WARN_SUSPICIOUS_MOVE = YES;
				CLANG_WARN_UNGUARDED_AVAILABILITY = YES_AGGRESSIVE;
				CLANG_WARN_UNREACHABLE_CODE = YES;
				CLANG_WARN__DUPLICATE_METHOD_MATCH = YES;
				COPY_PHASE_STRIP = NO;
				DEBUG_INFORMATION_FORMAT = dwarf;
				ENABLE_STRICT_OBJC_MSGSEND = YES;
				ENABLE_TESTABILITY = YES;
				GCC_C_LANGUAGE_STANDARD = gnu11;
				GCC_DYNAMIC_NO_PIC = NO;
				GCC_NO_COMMON_BLOCKS = YES;
				GCC_OPTIMIZATION_LEVEL = 0;
				GCC_PREPROCESSOR_DEFINITIONS = (
					"DEBUG=1",
					"$(inherited)",
				);
				GCC_WARN_64_TO_32_BIT_CONVERSION = YES;
				GCC_WARN_ABOUT_RETURN_TYPE = YES_ERROR;
				GCC_WARN_UNDECLARED_SELECTOR = YES;
				GCC_WARN_UNINITIALIZED_AUTOS = YES_AGGRESSIVE;
				GCC_WARN_UNUSED_FUNCTION = YES;
				GCC_WARN_UNUSED_VARIABLE = YES;
				IPHONEOS_DEPLOYMENT_TARGET = 16.4;
				MTL_ENABLE_DEBUG_INFO = INCLUDE_SOURCE;
				MTL_FAST_MATH = YES;
				ONLY_ACTIVE_ARCH = YES;
				SDKROOT = iphoneos;
				SWIFT_ACTIVE_COMPILATION_CONDITIONS = DEBUG;
				SWIFT_OPTIMIZATION_LEVEL = "-Onone";
			};
			name = Debug;
		};
		F978B01C29EFD7E100C486F1 /* Release */ = {
			isa = XCBuildConfiguration;
			buildSettings = {
				ALWAYS_SEARCH_USER_PATHS = NO;
				CLANG_ANALYZER_NONNULL = YES;
				CLANG_ANALYZER_NUMBER_OBJECT_CONVERSION = YES_AGGRESSIVE;
				CLANG_CXX_LANGUAGE_STANDARD = "gnu++20";
				CLANG_ENABLE_MODULES = YES;
				CLANG_ENABLE_OBJC_ARC = YES;
				CLANG_ENABLE_OBJC_WEAK = YES;
				CLANG_WARN_BLOCK_CAPTURE_AUTORELEASING = YES;
				CLANG_WARN_BOOL_CONVERSION = YES;
				CLANG_WARN_COMMA = YES;
				CLANG_WARN_CONSTANT_CONVERSION = YES;
				CLANG_WARN_DEPRECATED_OBJC_IMPLEMENTATIONS = YES;
				CLANG_WARN_DIRECT_OBJC_ISA_USAGE = YES_ERROR;
				CLANG_WARN_DOCUMENTATION_COMMENTS = YES;
				CLANG_WARN_EMPTY_BODY = YES;
				CLANG_WARN_ENUM_CONVERSION = YES;
				CLANG_WARN_INFINITE_RECURSION = YES;
				CLANG_WARN_INT_CONVERSION = YES;
				CLANG_WARN_NON_LITERAL_NULL_CONVERSION = YES;
				CLANG_WARN_OBJC_IMPLICIT_RETAIN_SELF = YES;
				CLANG_WARN_OBJC_LITERAL_CONVERSION = YES;
				CLANG_WARN_OBJC_ROOT_CLASS = YES_ERROR;
				CLANG_WARN_QUOTED_INCLUDE_IN_FRAMEWORK_HEADER = YES;
				CLANG_WARN_RANGE_LOOP_ANALYSIS = YES;
				CLANG_WARN_STRICT_PROTOTYPES = YES;
				CLANG_WARN_SUSPICIOUS_MOVE = YES;
				CLANG_WARN_UNGUARDED_AVAILABILITY = YES_AGGRESSIVE;
				CLANG_WARN_UNREACHABLE_CODE = YES;
				CLANG_WARN__DUPLICATE_METHOD_MATCH = YES;
				COPY_PHASE_STRIP = NO;
				DEBUG_INFORMATION_FORMAT = "dwarf-with-dsym";
				ENABLE_NS_ASSERTIONS = NO;
				ENABLE_STRICT_OBJC_MSGSEND = YES;
				GCC_C_LANGUAGE_STANDARD = gnu11;
				GCC_NO_COMMON_BLOCKS = YES;
				GCC_WARN_64_TO_32_BIT_CONVERSION = YES;
				GCC_WARN_ABOUT_RETURN_TYPE = YES_ERROR;
				GCC_WARN_UNDECLARED_SELECTOR = YES;
				GCC_WARN_UNINITIALIZED_AUTOS = YES_AGGRESSIVE;
				GCC_WARN_UNUSED_FUNCTION = YES;
				GCC_WARN_UNUSED_VARIABLE = YES;
				IPHONEOS_DEPLOYMENT_TARGET = 16.4;
				MTL_ENABLE_DEBUG_INFO = NO;
				MTL_FAST_MATH = YES;
				SDKROOT = iphoneos;
				SWIFT_COMPILATION_MODE = wholemodule;
				SWIFT_OPTIMIZATION_LEVEL = "-O";
				VALIDATE_PRODUCT = YES;
			};
			name = Release;
		};
		F978B01E29EFD7E100C486F1 /* Debug */ = {
			isa = XCBuildConfiguration;
			buildSettings = {
				ASSETCATALOG_COMPILER_APPICON_NAME = AppIcon;
				ASSETCATALOG_COMPILER_GLOBAL_ACCENT_COLOR_NAME = AccentColor;
				CODE_SIGN_STYLE = Automatic;
				CURRENT_PROJECT_VERSION = 1;
				DEVELOPMENT_TEAM = 59VCEHYSMM;
				GENERATE_INFOPLIST_FILE = YES;
				INFOPLIST_FILE = Experiments/Info.plist;
				INFOPLIST_KEY_UIApplicationSupportsIndirectInputEvents = YES;
				INFOPLIST_KEY_UILaunchStoryboardName = LaunchScreen;
				INFOPLIST_KEY_UIMainStoryboardFile = Main;
				INFOPLIST_KEY_UISupportedInterfaceOrientations_iPad = "UIInterfaceOrientationPortrait UIInterfaceOrientationPortraitUpsideDown UIInterfaceOrientationLandscapeLeft UIInterfaceOrientationLandscapeRight";
				INFOPLIST_KEY_UISupportedInterfaceOrientations_iPhone = "UIInterfaceOrientationPortrait UIInterfaceOrientationLandscapeLeft UIInterfaceOrientationLandscapeRight";
				LD_RUNPATH_SEARCH_PATHS = (
					"$(inherited)",
					"@executable_path/Frameworks",
				);
				MARKETING_VERSION = 1.0;
				PRODUCT_BUNDLE_IDENTIFIER = kaung.mon.Experiments;
				PRODUCT_NAME = "$(TARGET_NAME)";
				SWIFT_EMIT_LOC_STRINGS = YES;
				SWIFT_VERSION = 5.0;
				TARGETED_DEVICE_FAMILY = "1,2";
			};
			name = Debug;
		};
		F978B01F29EFD7E100C486F1 /* Release */ = {
			isa = XCBuildConfiguration;
			buildSettings = {
				ASSETCATALOG_COMPILER_APPICON_NAME = AppIcon;
				ASSETCATALOG_COMPILER_GLOBAL_ACCENT_COLOR_NAME = AccentColor;
				CODE_SIGN_STYLE = Automatic;
				CURRENT_PROJECT_VERSION = 1;
				DEVELOPMENT_TEAM = 59VCEHYSMM;
				GENERATE_INFOPLIST_FILE = YES;
				INFOPLIST_FILE = Experiments/Info.plist;
				INFOPLIST_KEY_UIApplicationSupportsIndirectInputEvents = YES;
				INFOPLIST_KEY_UILaunchStoryboardName = LaunchScreen;
				INFOPLIST_KEY_UIMainStoryboardFile = Main;
				INFOPLIST_KEY_UISupportedInterfaceOrientations_iPad = "UIInterfaceOrientationPortrait UIInterfaceOrientationPortraitUpsideDown UIInterfaceOrientationLandscapeLeft UIInterfaceOrientationLandscapeRight";
				INFOPLIST_KEY_UISupportedInterfaceOrientations_iPhone = "UIInterfaceOrientationPortrait UIInterfaceOrientationLandscapeLeft UIInterfaceOrientationLandscapeRight";
				LD_RUNPATH_SEARCH_PATHS = (
					"$(inherited)",
					"@executable_path/Frameworks",
				);
				MARKETING_VERSION = 1.0;
				PRODUCT_BUNDLE_IDENTIFIER = kaung.mon.Experiments;
				PRODUCT_NAME = "$(TARGET_NAME)";
				SWIFT_EMIT_LOC_STRINGS = YES;
				SWIFT_VERSION = 5.0;
				TARGETED_DEVICE_FAMILY = "1,2";
			};
			name = Release;
		};
		F978B02129EFD7E100C486F1 /* Debug */ = {
			isa = XCBuildConfiguration;
			buildSettings = {
				ALWAYS_EMBED_SWIFT_STANDARD_LIBRARIES = YES;
				BUNDLE_LOADER = "$(TEST_HOST)";
				CODE_SIGN_STYLE = Automatic;
				CURRENT_PROJECT_VERSION = 1;
				DEVELOPMENT_TEAM = 59VCEHYSMM;
				GENERATE_INFOPLIST_FILE = YES;
				IPHONEOS_DEPLOYMENT_TARGET = 16.4;
				MARKETING_VERSION = 1.0;
				PRODUCT_BUNDLE_IDENTIFIER = kaung.mon.ExperimentsTests;
				PRODUCT_NAME = "$(TARGET_NAME)";
				SWIFT_EMIT_LOC_STRINGS = NO;
				SWIFT_VERSION = 5.0;
				TARGETED_DEVICE_FAMILY = "1,2";
				TEST_HOST = "$(BUILT_PRODUCTS_DIR)/Experiments.app/$(BUNDLE_EXECUTABLE_FOLDER_PATH)/Experiments";
			};
			name = Debug;
		};
		F978B02229EFD7E100C486F1 /* Release */ = {
			isa = XCBuildConfiguration;
			buildSettings = {
				ALWAYS_EMBED_SWIFT_STANDARD_LIBRARIES = YES;
				BUNDLE_LOADER = "$(TEST_HOST)";
				CODE_SIGN_STYLE = Automatic;
				CURRENT_PROJECT_VERSION = 1;
				DEVELOPMENT_TEAM = 59VCEHYSMM;
				GENERATE_INFOPLIST_FILE = YES;
				IPHONEOS_DEPLOYMENT_TARGET = 16.4;
				MARKETING_VERSION = 1.0;
				PRODUCT_BUNDLE_IDENTIFIER = kaung.mon.ExperimentsTests;
				PRODUCT_NAME = "$(TARGET_NAME)";
				SWIFT_EMIT_LOC_STRINGS = NO;
				SWIFT_VERSION = 5.0;
				TARGETED_DEVICE_FAMILY = "1,2";
				TEST_HOST = "$(BUILT_PRODUCTS_DIR)/Experiments.app/$(BUNDLE_EXECUTABLE_FOLDER_PATH)/Experiments";
			};
			name = Release;
		};
		F978B02429EFD7E100C486F1 /* Debug */ = {
			isa = XCBuildConfiguration;
			buildSettings = {
				ALWAYS_EMBED_SWIFT_STANDARD_LIBRARIES = YES;
				CODE_SIGN_STYLE = Automatic;
				CURRENT_PROJECT_VERSION = 1;
				DEVELOPMENT_TEAM = 59VCEHYSMM;
				GENERATE_INFOPLIST_FILE = YES;
				MARKETING_VERSION = 1.0;
				PRODUCT_BUNDLE_IDENTIFIER = kaung.mon.ExperimentsUITests;
				PRODUCT_NAME = "$(TARGET_NAME)";
				SWIFT_EMIT_LOC_STRINGS = NO;
				SWIFT_VERSION = 5.0;
				TARGETED_DEVICE_FAMILY = "1,2";
				TEST_TARGET_NAME = Experiments;
			};
			name = Debug;
		};
		F978B02529EFD7E100C486F1 /* Release */ = {
			isa = XCBuildConfiguration;
			buildSettings = {
				ALWAYS_EMBED_SWIFT_STANDARD_LIBRARIES = YES;
				CODE_SIGN_STYLE = Automatic;
				CURRENT_PROJECT_VERSION = 1;
				DEVELOPMENT_TEAM = 59VCEHYSMM;
				GENERATE_INFOPLIST_FILE = YES;
				MARKETING_VERSION = 1.0;
				PRODUCT_BUNDLE_IDENTIFIER = kaung.mon.ExperimentsUITests;
				PRODUCT_NAME = "$(TARGET_NAME)";
				SWIFT_EMIT_LOC_STRINGS = NO;
				SWIFT_VERSION = 5.0;
				TARGETED_DEVICE_FAMILY = "1,2";
				TEST_TARGET_NAME = Experiments;
			};
			name = Release;
		};
/* End XCBuildConfiguration section */

/* Begin XCConfigurationList section */
		F978AFEE29EFD7E000C486F1 /* Build configuration list for PBXProject "Experiments" */ = {
			isa = XCConfigurationList;
			buildConfigurations = (
				F978B01B29EFD7E100C486F1 /* Debug */,
				F978B01C29EFD7E100C486F1 /* Release */,
			);
			defaultConfigurationIsVisible = 0;
			defaultConfigurationName = Release;
		};
		F978B01D29EFD7E100C486F1 /* Build configuration list for PBXNativeTarget "Experiments" */ = {
			isa = XCConfigurationList;
			buildConfigurations = (
				F978B01E29EFD7E100C486F1 /* Debug */,
				F978B01F29EFD7E100C486F1 /* Release */,
			);
			defaultConfigurationIsVisible = 0;
			defaultConfigurationName = Release;
		};
		F978B02029EFD7E100C486F1 /* Build configuration list for PBXNativeTarget "ExperimentsTests" */ = {
			isa = XCConfigurationList;
			buildConfigurations = (
				F978B02129EFD7E100C486F1 /* Debug */,
				F978B02229EFD7E100C486F1 /* Release */,
			);
			defaultConfigurationIsVisible = 0;
			defaultConfigurationName = Release;
		};
		F978B02329EFD7E100C486F1 /* Build configuration list for PBXNativeTarget "ExperimentsUITests" */ = {
			isa = XCConfigurationList;
			buildConfigurations = (
				F978B02429EFD7E100C486F1 /* Debug */,
				F978B02529EFD7E100C486F1 /* Release */,
			);
			defaultConfigurationIsVisible = 0;
			defaultConfigurationName = Release;
		};
/* End XCConfigurationList section */
	};
	rootObject = F978AFEB29EFD7E000C486F1 /* Project object */;
}
